
Microsoft Visual Studio Solution File, Format Version 12.00
# Visual Studio Version 17
VisualStudioVersion = 17.9.34701.34
MinimumVisualStudioVersion = 10.0.40219.1
Project("{FAE04EC0-301F-11D3-BF4B-00C04F79EFBC}") = "Project_4", "Project_4\Project_4.csproj", "{DB6FA668-641D-424D-A577-BB630C94DAF7}"
EndProject
Global
	GlobalSection(SolutionConfigurationPlatforms) = preSolution
		Debug|Any CPU = Debug|Any CPU
		Release|Any CPU = Release|Any CPU
	EndGlobalSection
	GlobalSection(ProjectConfigurationPlatforms) = postSolution
		{DB6FA668-641D-424D-A577-BB630C94DAF7}.Debug|Any CPU.ActiveCfg = Debug|Any CPU
		{DB6FA668-641D-424D-A577-BB630C94DAF7}.Debug|Any CPU.Build.0 = Debug|Any CPU
		{DB6FA668-641D-424D-A577-BB630C94DAF7}.Release|Any CPU.ActiveCfg = Release|Any CPU
		{DB6FA668-641D-424D-A577-BB630C94DAF7}.Release|Any CPU.Build.0 = Release|Any CPU
	EndGlobalSection
	GlobalSection(SolutionProperties) = preSolution
		HideSolutionNode = FALSE
	EndGlobalSection
	GlobalSection(ExtensibilityGlobals) = postSolution
		SolutionGuid = {2161B15A-25A6-4846-A39A-E0ABC64FABCE}
	EndGlobalSection
EndGlobal
