
Microsoft Visual Studio Solution File, Format Version 12.00
# Visual Studio Version 17
VisualStudioVersion = 17.9.34701.34
MinimumVisualStudioVersion = 10.0.40219.1
Project("{FAE04EC0-301F-11D3-BF4B-00C04F79EFBC}") = "Project_2", "Project_2\Project_2.csproj", "{69FC39EE-90D2-4693-8E8D-EA10E5A7AA75}"
EndProject
Global
	GlobalSection(SolutionConfigurationPlatforms) = preSolution
		Debug|Any CPU = Debug|Any CPU
		Release|Any CPU = Release|Any CPU
	EndGlobalSection
	GlobalSection(ProjectConfigurationPlatforms) = postSolution
		{69FC39EE-90D2-4693-8E8D-EA10E5A7AA75}.Debug|Any CPU.ActiveCfg = Debug|Any CPU
		{69FC39EE-90D2-4693-8E8D-EA10E5A7AA75}.Debug|Any CPU.Build.0 = Debug|Any CPU
		{69FC39EE-90D2-4693-8E8D-EA10E5A7AA75}.Release|Any CPU.ActiveCfg = Release|Any CPU
		{69FC39EE-90D2-4693-8E8D-EA10E5A7AA75}.Release|Any CPU.Build.0 = Release|Any CPU
	EndGlobalSection
	GlobalSection(SolutionProperties) = preSolution
		HideSolutionNode = FALSE
	EndGlobalSection
	GlobalSection(ExtensibilityGlobals) = postSolution
		SolutionGuid = {2A46D987-D97A-4393-BCC9-5FB4B3C9CF4E}
	EndGlobalSection
EndGlobal
